
Microsoft Visual Studio Solution File, Format Version 12.00
# Visual Studio 2013
VisualStudioVersion = 12.0.31101.0
MinimumVisualStudioVersion = 10.0.40219.1
Project("{FAE04EC0-301F-11D3-BF4B-00C04F79EFBC}") = "David.WebUI", "David.WebUI\David.WebUI.csproj", "{7F88E760-CFA0-4D95-ACD2-3CB76C9E4AE2}"
EndProject
Project("{FAE04EC0-301F-11D3-BF4B-00C04F79EFBC}") = "David.Domain", "David.Domain\David.Domain.csproj", "{A795D360-1D28-4A3D-A649-DC9AC00D09CA}"
EndProject
Project("{FAE04EC0-301F-11D3-BF4B-00C04F79EFBC}") = "David.Test", "David.Test\David.Test.csproj", "{56142C5F-2753-4E3B-9E3A-5E70D9438242}"
EndProject
Global
	GlobalSection(SolutionConfigurationPlatforms) = preSolution
		Debug|Any CPU = Debug|Any CPU
		Release|Any CPU = Release|Any CPU
	EndGlobalSection
	GlobalSection(ProjectConfigurationPlatforms) = postSolution
		{7F88E760-CFA0-4D95-ACD2-3CB76C9E4AE2}.Debug|Any CPU.ActiveCfg = Debug|Any CPU
		{7F88E760-CFA0-4D95-ACD2-3CB76C9E4AE2}.Debug|Any CPU.Build.0 = Debug|Any CPU
		{7F88E760-CFA0-4D95-ACD2-3CB76C9E4AE2}.Release|Any CPU.ActiveCfg = Release|Any CPU
		{7F88E760-CFA0-4D95-ACD2-3CB76C9E4AE2}.Release|Any CPU.Build.0 = Release|Any CPU
		{A795D360-1D28-4A3D-A649-DC9AC00D09CA}.Debug|Any CPU.ActiveCfg = Debug|Any CPU
		{A795D360-1D28-4A3D-A649-DC9AC00D09CA}.Debug|Any CPU.Build.0 = Debug|Any CPU
		{A795D360-1D28-4A3D-A649-DC9AC00D09CA}.Release|Any CPU.ActiveCfg = Release|Any CPU
		{A795D360-1D28-4A3D-A649-DC9AC00D09CA}.Release|Any CPU.Build.0 = Release|Any CPU
		{56142C5F-2753-4E3B-9E3A-5E70D9438242}.Debug|Any CPU.ActiveCfg = Debug|Any CPU
		{56142C5F-2753-4E3B-9E3A-5E70D9438242}.Debug|Any CPU.Build.0 = Debug|Any CPU
		{56142C5F-2753-4E3B-9E3A-5E70D9438242}.Release|Any CPU.ActiveCfg = Release|Any CPU
		{56142C5F-2753-4E3B-9E3A-5E70D9438242}.Release|Any CPU.Build.0 = Release|Any CPU
	EndGlobalSection
	GlobalSection(SolutionProperties) = preSolution
		HideSolutionNode = FALSE
	EndGlobalSection
EndGlobal
